
Microsoft Visual Studio Solution File, Format Version 12.00
# Visual Studio Version 16
VisualStudioVersion = 16.0.29025.244
MinimumVisualStudioVersion = 10.0.40219.1
Project("{FAE04EC0-301F-11D3-BF4B-00C04F79EFBC}") = "SelneiumBDDRefresher", "SelneiumBDDRefresher\SelneiumBDDRefresher.csproj", "{B008E7F9-08F9-42D5-ADE1-F132846E8991}"
EndProject
Global
	GlobalSection(SolutionConfigurationPlatforms) = preSolution
		Debug|Any CPU = Debug|Any CPU
		Release|Any CPU = Release|Any CPU
	EndGlobalSection
	GlobalSection(ProjectConfigurationPlatforms) = postSolution
		{B008E7F9-08F9-42D5-ADE1-F132846E8991}.Debug|Any CPU.ActiveCfg = Debug|Any CPU
		{B008E7F9-08F9-42D5-ADE1-F132846E8991}.Debug|Any CPU.Build.0 = Debug|Any CPU
		{B008E7F9-08F9-42D5-ADE1-F132846E8991}.Release|Any CPU.ActiveCfg = Release|Any CPU
		{B008E7F9-08F9-42D5-ADE1-F132846E8991}.Release|Any CPU.Build.0 = Release|Any CPU
	EndGlobalSection
	GlobalSection(SolutionProperties) = preSolution
		HideSolutionNode = FALSE
	EndGlobalSection
	GlobalSection(ExtensibilityGlobals) = postSolution
		SolutionGuid = {5E9E0BC3-8871-47EF-A41F-4A3B0E093C0D}
	EndGlobalSection
EndGlobal
